
Microsoft Visual Studio Solution File, Format Version 12.00
# Visual Studio Version 17
VisualStudioVersion = 17.3.32929.385
MinimumVisualStudioVersion = 10.0.40219.1
Project("{FAE04EC0-301F-11D3-BF4B-00C04F79EFBC}") = "ATM_Project", "ATM_Project\ATM_Project.csproj", "{FE88C557-0E92-4209-B9BB-B09900E67378}"
EndProject
Global
	GlobalSection(SolutionConfigurationPlatforms) = preSolution
		Debug|Any CPU = Debug|Any CPU
		Release|Any CPU = Release|Any CPU
	EndGlobalSection
	GlobalSection(ProjectConfigurationPlatforms) = postSolution
		{FE88C557-0E92-4209-B9BB-B09900E67378}.Debug|Any CPU.ActiveCfg = Debug|Any CPU
		{FE88C557-0E92-4209-B9BB-B09900E67378}.Debug|Any CPU.Build.0 = Debug|Any CPU
		{FE88C557-0E92-4209-B9BB-B09900E67378}.Release|Any CPU.ActiveCfg = Release|Any CPU
		{FE88C557-0E92-4209-B9BB-B09900E67378}.Release|Any CPU.Build.0 = Release|Any CPU
	EndGlobalSection
	GlobalSection(SolutionProperties) = preSolution
		HideSolutionNode = FALSE
	EndGlobalSection
	GlobalSection(ExtensibilityGlobals) = postSolution
		SolutionGuid = {0C0C541E-A8EE-400B-AEFB-C0616E7BB2CB}
	EndGlobalSection
EndGlobal
